{
  "name": "que-chimba-moto-app",
  "lockfileVersion": 3,
  "requires": true,
  "packages": {
    "": {
      "dependencies": {
        "dotenv": "^16.4.5"
      }
    },
    "node_modules/dotenv": {
      "version": "16.4.5",
      "resolved": "https://globaldevtools.bbva.com/artifactory/api/npm/npm-repo/dotenv/-/dotenv-16.4.5.tgz",
      "integrity": "sha1-zdOztgTLMn4oa0di4TUC9xfLCZ8=",
      "license": "BSD-2-Clause",
      "engines": {
        "node": ">=12"
      },
      "funding": {
        "url": "https://dotenvx.com"
      }
    }
  }
}
